// !$*UTF8*$!
{
	archiveVersion = 1;
	classes = {
	};
	objectVersion = 46;
	objects = {

/* Begin PBXBuildFile section */
		50AD0F761B04C501007FF4BE /* AppDelegate.swift in Sources */ = {isa = PBXBuildFile; fileRef = 50AD0F751B04C501007FF4BE /* AppDelegate.swift */; };
		50AD0F781B04C502007FF4BE /* ViewController.swift in Sources */ = {isa = PBXBuildFile; fileRef = 50AD0F771B04C502007FF4BE /* ViewController.swift */; };
		50AD0F7B1B04C502007FF4BE /* Main.storyboard in Resources */ = {isa = PBXBuildFile; fileRef = 50AD0F791B04C502007FF4BE /* Main.storyboard */; };
		50AD0F7D1B04C502007FF4BE /* Images.xcassets in Resources */ = {isa = PBXBuildFile; fileRef = 50AD0F7C1B04C502007FF4BE /* Images.xcassets */; };
		50AD0F801B04C502007FF4BE /* LaunchScreen.xib in Resources */ = {isa = PBXBuildFile; fileRef = 50AD0F7E1B04C502007FF4BE /* LaunchScreen.xib */; };
		50AD0F8C1B04C502007FF4BE /* Autolayout1Tests.swift in Sources */ = {isa = PBXBuildFile; fileRef = 50AD0F8B1B04C502007FF4BE /* Autolayout1Tests.swift */; };
/* End PBXBuildFile section */

/* Begin PBXContainerItemProxy section */
		50AD0F861B04C502007FF4BE /* PBXContainerItemProxy */ = {
			isa = PBXContainerItemProxy;
			containerPortal = 50AD0F681B04C501007FF4BE /* Project object */;
			proxyType = 1;
			remoteGlobalIDString = 50AD0F6F1B04C501007FF4BE;
			remoteInfo = Autolayout1;
		};
/* End PBXContainerItemProxy section */

/* Begin PBXFileReference section */
		50AD0F701B04C501007FF4BE /* Autolayout1.app */ = {isa = PBXFileReference; explicitFileType = wrapper.application; includeInIndex = 0; path = Autolayout1.app; sourceTree = BUILT_PRODUCTS_DIR; };
		50AD0F741B04C501007FF4BE /* Info.plist */ = {isa = PBXFileReference; lastKnownFileType = text.plist.xml; path = Info.plist; sourceTree = "<group>"; };
		50AD0F751B04C501007FF4BE /* AppDelegate.swift */ = {isa = PBXFileReference; lastKnownFileType = sourcecode.swift; path = AppDelegate.swift; sourceTree = "<group>"; };
		50AD0F771B04C502007FF4BE /* ViewController.swift */ = {isa = PBXFileReference; lastKnownFileType = sourcecode.swift; path = ViewController.swift; sourceTree = "<group>"; };
		50AD0F7A1B04C502007FF4BE /* Base */ = {isa = PBXFileReference; lastKnownFileType = file.storyboard; name = Base; path = Base.lproj/Main.storyboard; sourceTree = "<group>"; };
		50AD0F7C1B04C502007FF4BE /* Images.xcassets */ = {isa = PBXFileReference; lastKnownFileType = folder.assetcatalog; path = Images.xcassets; sourceTree = "<group>"; };
		50AD0F7F1B04C502007FF4BE /* Base */ = {isa = PBXFileReference; lastKnownFileType = file.xib; name = Base; path = Base.lproj/LaunchScreen.xib; sourceTree = "<group>"; };
		50AD0F851B04C502007FF4BE /* Autolayout1Tests.xctest */ = {isa = PBXFileReference; explicitFileType = wrapper.cfbundle; includeInIndex = 0; path = Autolayout1Tests.xctest; sourceTree = BUILT_PRODUCTS_DIR; };
		50AD0F8A1B04C502007FF4BE /* Info.plist */ = {isa = PBXFileReference; lastKnownFileType = text.plist.xml; path = Info.plist; sourceTree = "<group>"; };
		50AD0F8B1B04C502007FF4BE /* Autolayout1Tests.swift */ = {isa = PBXFileReference; lastKnownFileType = sourcecode.swift; path = Autolayout1Tests.swift; sourceTree = "<group>"; };
/* End PBXFileReference section */

/* Begin PBXFrameworksBuildPhase section */
		50AD0F6D1B04C501007FF4BE /* Frameworks */ = {
			isa = PBXFrameworksBuildPhase;
			buildActionMask = 2147483647;
			files = (
			);
			runOnlyForDeploymentPostprocessing = 0;
		};
		50AD0F821B04C502007FF4BE /* Frameworks */ = {
			isa = PBXFrameworksBuildPhase;
			buildActionMask = 2147483647;
			files = (
			);
			runOnlyForDeploymentPostprocessing = 0;
		};
/* End PBXFrameworksBuildPhase section */

/* Begin PBXGroup section */
		50AD0F671B04C501007FF4BE = {
			isa = PBXGroup;
			children = (
				50AD0F721B04C501007FF4BE /* Autolayout1 */,
				50AD0F881B04C502007FF4BE /* Autolayout1Tests */,
				50AD0F711B04C501007FF4BE /* Products */,
			);
			sourceTree = "<group>";
		};
		50AD0F711B04C501007FF4BE /* Products */ = {
			isa = PBXGroup;
			children = (
				50AD0F701B04C501007FF4BE /* Autolayout1.app */,
				50AD0F851B04C502007FF4BE /* Autolayout1Tests.xctest */,
			);
			name = Products;
			sourceTree = "<group>";
		};
		50AD0F721B04C501007FF4BE /* Autolayout1 */ = {
			isa = PBXGroup;
			children = (
				50AD0F751B04C501007FF4BE /* AppDelegate.swift */,
				50AD0F771B04C502007FF4BE /* ViewController.swift */,
				50AD0F791B04C502007FF4BE /* Main.storyboard */,
				50AD0F7C1B04C502007FF4BE /* Images.xcassets */,
				50AD0F7E1B04C502007FF4BE /* LaunchScreen.xib */,
				50AD0F731B04C501007FF4BE /* Supporting Files */,
			);
			path = Autolayout1;
			sourceTree = "<group>";
		};
		50AD0F731B04C501007FF4BE /* Supporting Files */ = {
			isa = PBXGroup;
			children = (
				50AD0F741B04C501007FF4BE /* Info.plist */,
			);
			name = "Supporting Files";
			sourceTree = "<group>";
		};
		50AD0F881B04C502007FF4BE /* Autolayout1Tests */ = {
			isa = PBXGroup;
			children = (
				50AD0F8B1B04C502007FF4BE /* Autolayout1Tests.swift */,
				50AD0F891B04C502007FF4BE /* Supporting Files */,
			);
			path = Autolayout1Tests;
			sourceTree = "<group>";
		};
		50AD0F891B04C502007FF4BE /* Supporting Files */ = {
			isa = PBXGroup;
			children = (
				50AD0F8A1B04C502007FF4BE /* Info.plist */,
			);
			name = "Supporting Files";
			sourceTree = "<group>";
		};
/* End PBXGroup section */

/* Begin PBXNativeTarget section */
		50AD0F6F1B04C501007FF4BE /* Autolayout1 */ = {
			isa = PBXNativeTarget;
			buildConfigurationList = 50AD0F8F1B04C502007FF4BE /* Build configuration list for PBXNativeTarget "Autolayout1" */;
			buildPhases = (
				50AD0F6C1B04C501007FF4BE /* Sources */,
				50AD0F6D1B04C501007FF4BE /* Frameworks */,
				50AD0F6E1B04C501007FF4BE /* Resources */,
			);
			buildRules = (
			);
			dependencies = (
			);
			name = Autolayout1;
			productName = Autolayout1;
			productReference = 50AD0F701B04C501007FF4BE /* Autolayout1.app */;
			productType = "com.apple.product-type.application";
		};
		50AD0F841B04C502007FF4BE /* Autolayout1Tests */ = {
			isa = PBXNativeTarget;
			buildConfigurationList = 50AD0F921B04C502007FF4BE /* Build configuration list for PBXNativeTarget "Autolayout1Tests" */;
			buildPhases = (
				50AD0F811B04C502007FF4BE /* Sources */,
				50AD0F821B04C502007FF4BE /* Frameworks */,
				50AD0F831B04C502007FF4BE /* Resources */,
			);
			buildRules = (
			);
			dependencies = (
				50AD0F871B04C502007FF4BE /* PBXTargetDependency */,
			);
			name = Autolayout1Tests;
			productName = Autolayout1Tests;
			productReference = 50AD0F851B04C502007FF4BE /* Autolayout1Tests.xctest */;
			productType = "com.apple.product-type.bundle.unit-test";
		};
/* End PBXNativeTarget section */

/* Begin PBXProject section */
		50AD0F681B04C501007FF4BE /* Project object */ = {
			isa = PBXProject;
			attributes = {
				LastUpgradeCheck = 0630;
				ORGANIZATIONNAME = SAP;
				TargetAttributes = {
					50AD0F6F1B04C501007FF4BE = {
						CreatedOnToolsVersion = 6.3;
					};
					50AD0F841B04C502007FF4BE = {
						CreatedOnToolsVersion = 6.3;
						TestTargetID = 50AD0F6F1B04C501007FF4BE;
					};
				};
			};
			buildConfigurationList = 50AD0F6B1B04C501007FF4BE /* Build configuration list for PBXProject "Autolayout1" */;
			compatibilityVersion = "Xcode 3.2";
			developmentRegion = English;
			hasScannedForEncodings = 0;
			knownRegions = (
				en,
				Base,
			);
			mainGroup = 50AD0F671B04C501007FF4BE;
			productRefGroup = 50AD0F711B04C501007FF4BE /* Products */;
			projectDirPath = "";
			projectRoot = "";
			targets = (
				50AD0F6F1B04C501007FF4BE /* Autolayout1 */,
				50AD0F841B04C502007FF4BE /* Autolayout1Tests */,
			);
		};
/* End PBXProject section */

/* Begin PBXResourcesBuildPhase section */
		50AD0F6E1B04C501007FF4BE /* Resources */ = {
			isa = PBXResourcesBuildPhase;
			buildActionMask = 2147483647;
			files = (
				50AD0F7B1B04C502007FF4BE /* Main.storyboard in Resources */,
				50AD0F801B04C502007FF4BE /* LaunchScreen.xib in Resources */,
				50AD0F7D1B04C502007FF4BE /* Images.xcassets in Resources */,
			);
			runOnlyForDeploymentPostprocessing = 0;
		};
		50AD0F831B04C502007FF4BE /* Resources */ = {
			isa = PBXResourcesBuildPhase;
			buildActionMask = 2147483647;
			files = (
			);
			runOnlyForDeploymentPostprocessing = 0;
		};
/* End PBXResourcesBuildPhase section */

/* Begin PBXSourcesBuildPhase section */
		50AD0F6C1B04C501007FF4BE /* Sources */ = {
			isa = PBXSourcesBuildPhase;
			buildActionMask = 2147483647;
			files = (
				50AD0F781B04C502007FF4BE /* ViewController.swift in Sources */,
				50AD0F761B04C501007FF4BE /* AppDelegate.swift in Sources */,
			);
			runOnlyForDeploymentPostprocessing = 0;
		};
		50AD0F811B04C502007FF4BE /* Sources */ = {
			isa = PBXSourcesBuildPhase;
			buildActionMask = 2147483647;
			files = (
				50AD0F8C1B04C502007FF4BE /* Autolayout1Tests.swift in Sources */,
			);
			runOnlyForDeploymentPostprocessing = 0;
		};
/* End PBXSourcesBuildPhase section */

/* Begin PBXTargetDependency section */
		50AD0F871B04C502007FF4BE /* PBXTargetDependency */ = {
			isa = PBXTargetDependency;
			target = 50AD0F6F1B04C501007FF4BE /* Autolayout1 */;
			targetProxy = 50AD0F861B04C502007FF4BE /* PBXContainerItemProxy */;
		};
/* End PBXTargetDependency section */

/* Begin PBXVariantGroup section */
		50AD0F791B04C502007FF4BE /* Main.storyboard */ = {
			isa = PBXVariantGroup;
			children = (
				50AD0F7A1B04C502007FF4BE /* Base */,
			);
			name = Main.storyboard;
			sourceTree = "<group>";
		};
		50AD0F7E1B04C502007FF4BE /* LaunchScreen.xib */ = {
			isa = PBXVariantGroup;
			children = (
				50AD0F7F1B04C502007FF4BE /* Base */,
			);
			name = LaunchScreen.xib;
			sourceTree = "<group>";
		};
/* End PBXVariantGroup section */

/* Begin XCBuildConfiguration section */
		50AD0F8D1B04C502007FF4BE /* Debug */ = {
			isa = XCBuildConfiguration;
			buildSettings = {
				ALWAYS_SEARCH_USER_PATHS = NO;
				CLANG_CXX_LANGUAGE_STANDARD = "gnu++0x";
				CLANG_CXX_LIBRARY = "libc++";
				CLANG_ENABLE_MODULES = YES;
				CLANG_ENABLE_OBJC_ARC = YES;
				CLANG_WARN_BOOL_CONVERSION = YES;
				CLANG_WARN_CONSTANT_CONVERSION = YES;
				CLANG_WARN_DIRECT_OBJC_ISA_USAGE = YES_ERROR;
				CLANG_WARN_EMPTY_BODY = YES;
				CLANG_WARN_ENUM_CONVERSION = YES;
				CLANG_WARN_INT_CONVERSION = YES;
				CLANG_WARN_OBJC_ROOT_CLASS = YES_ERROR;
				CLANG_WARN_UNREACHABLE_CODE = YES;
				CLANG_WARN__DUPLICATE_METHOD_MATCH = YES;
				"CODE_SIGN_IDENTITY[sdk=iphoneos*]" = "iPhone Developer";
				COPY_PHASE_STRIP = NO;
				DEBUG_INFORMATION_FORMAT = "dwarf-with-dsym";
				ENABLE_STRICT_OBJC_MSGSEND = YES;
				GCC_C_LANGUAGE_STANDARD = gnu99;
				GCC_DYNAMIC_NO_PIC = NO;
				GCC_NO_COMMON_BLOCKS = YES;
				GCC_OPTIMIZATION_LEVEL = 0;
				GCC_PREPROCESSOR_DEFINITIONS = (
					"DEBUG=1",
					"$(inherited)",
				);
				GCC_SYMBOLS_PRIVATE_EXTERN = NO;
				GCC_WARN_64_TO_32_BIT_CONVERSION = YES;
				GCC_WARN_ABOUT_RETURN_TYPE = YES_ERROR;
				GCC_WARN_UNDECLARED_SELECTOR = YES;
				GCC_WARN_UNINITIALIZED_AUTOS = YES_AGGRESSIVE;
				GCC_WARN_UNUSED_FUNCTION = YES;
				GCC_WARN_UNUSED_VARIABLE = YES;
				IPHONEOS_DEPLOYMENT_TARGET = 8.3;
				MTL_ENABLE_DEBUG_INFO = YES;
				ONLY_ACTIVE_ARCH = YES;
				SDKROOT = iphoneos;
				SWIFT_OPTIMIZATION_LEVEL = "-Onone";
				TARGETED_DEVICE_FAMILY = "1,2";
			};
			name = Debug;
		};
		50AD0F8E1B04C502007FF4BE /* Release */ = {
			isa = XCBuildConfiguration;
			buildSettings = {
				ALWAYS_SEARCH_USER_PATHS = NO;
				CLANG_CXX_LANGUAGE_STANDARD = "gnu++0x";
				CLANG_CXX_LIBRARY = "libc++";
				CLANG_ENABLE_MODULES = YES;
				CLANG_ENABLE_OBJC_ARC = YES;
				CLANG_WARN_BOOL_CONVERSION = YES;
				CLANG_WARN_CONSTANT_CONVERSION = YES;
				CLANG_WARN_DIRECT_OBJC_ISA_USAGE = YES_ERROR;
				CLANG_WARN_EMPTY_BODY = YES;
				CLANG_WARN_ENUM_CONVERSION = YES;
				CLANG_WARN_INT_CONVERSION = YES;
				CLANG_WARN_OBJC_ROOT_CLASS = YES_ERROR;
				CLANG_WARN_UNREACHABLE_CODE = YES;
				CLANG_WARN__DUPLICATE_METHOD_MATCH = YES;
				"CODE_SIGN_IDENTITY[sdk=iphoneos*]" = "iPhone Developer";
				COPY_PHASE_STRIP = NO;
				DEBUG_INFORMATION_FORMAT = "dwarf-with-dsym";
				ENABLE_NS_ASSERTIONS = NO;
				ENABLE_STRICT_OBJC_MSGSEND = YES;
				GCC_C_LANGUAGE_STANDARD = gnu99;
				GCC_NO_COMMON_BLOCKS = YES;
				GCC_WARN_64_TO_32_BIT_CONVERSION = YES;
				GCC_WARN_ABOUT_RETURN_TYPE = YES_ERROR;
				GCC_WARN_UNDECLARED_SELECTOR = YES;
				GCC_WARN_UNINITIALIZED_AUTOS = YES_AGGRESSIVE;
				GCC_WARN_UNUSED_FUNCTION = YES;
				GCC_WARN_UNUSED_VARIABLE = YES;
				IPHONEOS_DEPLOYMENT_TARGET = 8.3;
				MTL_ENABLE_DEBUG_INFO = NO;
				SDKROOT = iphoneos;
				TARGETED_DEVICE_FAMILY = "1,2";
				VALIDATE_PRODUCT = YES;
			};
			name = Release;
		};
		50AD0F901B04C502007FF4BE /* Debug */ = {
			isa = XCBuildConfiguration;
			buildSettings = {
				ASSETCATALOG_COMPILER_APPICON_NAME = AppIcon;
				INFOPLIST_FILE = Autolayout1/Info.plist;
				LD_RUNPATH_SEARCH_PATHS = "$(inherited) @executable_path/Frameworks";
				PRODUCT_NAME = "$(TARGET_NAME)";
			};
			name = Debug;
		};
		50AD0F911B04C502007FF4BE /* Release */ = {
			isa = XCBuildConfiguration;
			buildSettings = {
				ASSETCATALOG_COMPILER_APPICON_NAME = AppIcon;
				INFOPLIST_FILE = Autolayout1/Info.plist;
				LD_RUNPATH_SEARCH_PATHS = "$(inherited) @executable_path/Frameworks";
				PRODUCT_NAME = "$(TARGET_NAME)";
			};
			name = Release;
		};
		50AD0F931B04C502007FF4BE /* Debug */ = {
			isa = XCBuildConfiguration;
			buildSettings = {
				BUNDLE_LOADER = "$(TEST_HOST)";
				FRAMEWORK_SEARCH_PATHS = (
					"$(SDKROOT)/Developer/Library/Frameworks",
					"$(inherited)",
				);
				GCC_PREPROCESSOR_DEFINITIONS = (
					"DEBUG=1",
					"$(inherited)",
				);
				INFOPLIST_FILE = Autolayout1Tests/Info.plist;
				LD_RUNPATH_SEARCH_PATHS = "$(inherited) @executable_path/Frameworks @loader_path/Frameworks";
				PRODUCT_NAME = "$(TARGET_NAME)";
				TEST_HOST = "$(BUILT_PRODUCTS_DIR)/Autolayout1.app/Autolayout1";
			};
			name = Debug;
		};
		50AD0F941B04C502007FF4BE /* Release */ = {
			isa = XCBuildConfiguration;
			buildSettings = {
				BUNDLE_LOADER = "$(TEST_HOST)";
				FRAMEWORK_SEARCH_PATHS = (
					"$(SDKROOT)/Developer/Library/Frameworks",
					"$(inherited)",
				);
				INFOPLIST_FILE = Autolayout1Tests/Info.plist;
				LD_RUNPATH_SEARCH_PATHS = "$(inherited) @executable_path/Frameworks @loader_path/Frameworks";
				PRODUCT_NAME = "$(TARGET_NAME)";
				TEST_HOST = "$(BUILT_PRODUCTS_DIR)/Autolayout1.app/Autolayout1";
			};
			name = Release;
		};
/* End XCBuildConfiguration section */

/* Begin XCConfigurationList section */
		50AD0F6B1B04C501007FF4BE /* Build configuration list for PBXProject "Autolayout1" */ = {
			isa = XCConfigurationList;
			buildConfigurations = (
				50AD0F8D1B04C502007FF4BE /* Debug */,
				50AD0F8E1B04C502007FF4BE /* Release */,
			);
			defaultConfigurationIsVisible = 0;
			defaultConfigurationName = Release;
		};
		50AD0F8F1B04C502007FF4BE /* Build configuration list for PBXNativeTarget "Autolayout1" */ = {
			isa = XCConfigurationList;
			buildConfigurations = (
				50AD0F901B04C502007FF4BE /* Debug */,
				50AD0F911B04C502007FF4BE /* Release */,
			);
			defaultConfigurationIsVisible = 0;
		};
		50AD0F921B04C502007FF4BE /* Build configuration list for PBXNativeTarget "Autolayout1Tests" */ = {
			isa = XCConfigurationList;
			buildConfigurations = (
				50AD0F931B04C502007FF4BE /* Debug */,
				50AD0F941B04C502007FF4BE /* Release */,
			);
			defaultConfigurationIsVisible = 0;
		};
/* End XCConfigurationList section */
	};
	rootObject = 50AD0F681B04C501007FF4BE /* Project object */;
}
