// !$*UTF8*$!
{
	archiveVersion = 1;
	classes = {
	};
	objectVersion = 46;
	objects = {

/* Begin PBXBuildFile section */
		50405D981AE79D8000509E35 /* AppDelegate.swift in Sources */ = {isa = PBXBuildFile; fileRef = 50405D971AE79D8000509E35 /* AppDelegate.swift */; };
		50405D9A1AE79D8000509E35 /* ViewController.swift in Sources */ = {isa = PBXBuildFile; fileRef = 50405D991AE79D8000509E35 /* ViewController.swift */; };
		50405D9D1AE79D8000509E35 /* Main.storyboard in Resources */ = {isa = PBXBuildFile; fileRef = 50405D9B1AE79D8000509E35 /* Main.storyboard */; };
		50405D9F1AE79D8000509E35 /* Images.xcassets in Resources */ = {isa = PBXBuildFile; fileRef = 50405D9E1AE79D8000509E35 /* Images.xcassets */; };
		50405DA21AE79D8000509E35 /* LaunchScreen.xib in Resources */ = {isa = PBXBuildFile; fileRef = 50405DA01AE79D8000509E35 /* LaunchScreen.xib */; };
		50405DAE1AE79D8000509E35 /* SwiftPracticeTests.swift in Sources */ = {isa = PBXBuildFile; fileRef = 50405DAD1AE79D8000509E35 /* SwiftPracticeTests.swift */; };
		50405DB91AE79DBE00509E35 /* data.swift in Sources */ = {isa = PBXBuildFile; fileRef = 50405DB81AE79DBE00509E35 /* data.swift */; };
/* End PBXBuildFile section */

/* Begin PBXContainerItemProxy section */
		50405DA81AE79D8000509E35 /* PBXContainerItemProxy */ = {
			isa = PBXContainerItemProxy;
			containerPortal = 50405D8A1AE79D7F00509E35 /* Project object */;
			proxyType = 1;
			remoteGlobalIDString = 50405D911AE79D7F00509E35;
			remoteInfo = SwiftPractice;
		};
/* End PBXContainerItemProxy section */

/* Begin PBXFileReference section */
		50405D921AE79D8000509E35 /* SwiftPractice.app */ = {isa = PBXFileReference; explicitFileType = wrapper.application; includeInIndex = 0; path = SwiftPractice.app; sourceTree = BUILT_PRODUCTS_DIR; };
		50405D961AE79D8000509E35 /* Info.plist */ = {isa = PBXFileReference; lastKnownFileType = text.plist.xml; path = Info.plist; sourceTree = "<group>"; };
		50405D971AE79D8000509E35 /* AppDelegate.swift */ = {isa = PBXFileReference; lastKnownFileType = sourcecode.swift; path = AppDelegate.swift; sourceTree = "<group>"; };
		50405D991AE79D8000509E35 /* ViewController.swift */ = {isa = PBXFileReference; lastKnownFileType = sourcecode.swift; path = ViewController.swift; sourceTree = "<group>"; };
		50405D9C1AE79D8000509E35 /* Base */ = {isa = PBXFileReference; lastKnownFileType = file.storyboard; name = Base; path = Base.lproj/Main.storyboard; sourceTree = "<group>"; };
		50405D9E1AE79D8000509E35 /* Images.xcassets */ = {isa = PBXFileReference; lastKnownFileType = folder.assetcatalog; path = Images.xcassets; sourceTree = "<group>"; };
		50405DA11AE79D8000509E35 /* Base */ = {isa = PBXFileReference; lastKnownFileType = file.xib; name = Base; path = Base.lproj/LaunchScreen.xib; sourceTree = "<group>"; };
		50405DA71AE79D8000509E35 /* SwiftPracticeTests.xctest */ = {isa = PBXFileReference; explicitFileType = wrapper.cfbundle; includeInIndex = 0; path = SwiftPracticeTests.xctest; sourceTree = BUILT_PRODUCTS_DIR; };
		50405DAC1AE79D8000509E35 /* Info.plist */ = {isa = PBXFileReference; lastKnownFileType = text.plist.xml; path = Info.plist; sourceTree = "<group>"; };
		50405DAD1AE79D8000509E35 /* SwiftPracticeTests.swift */ = {isa = PBXFileReference; lastKnownFileType = sourcecode.swift; path = SwiftPracticeTests.swift; sourceTree = "<group>"; };
		50405DB81AE79DBE00509E35 /* data.swift */ = {isa = PBXFileReference; fileEncoding = 4; lastKnownFileType = sourcecode.swift; name = data.swift; path = model/data.swift; sourceTree = "<group>"; };
/* End PBXFileReference section */

/* Begin PBXFrameworksBuildPhase section */
		50405D8F1AE79D7F00509E35 /* Frameworks */ = {
			isa = PBXFrameworksBuildPhase;
			buildActionMask = 2147483647;
			files = (
			);
			runOnlyForDeploymentPostprocessing = 0;
		};
		50405DA41AE79D8000509E35 /* Frameworks */ = {
			isa = PBXFrameworksBuildPhase;
			buildActionMask = 2147483647;
			files = (
			);
			runOnlyForDeploymentPostprocessing = 0;
		};
/* End PBXFrameworksBuildPhase section */

/* Begin PBXGroup section */
		50405D891AE79D7F00509E35 = {
			isa = PBXGroup;
			children = (
				50405D941AE79D8000509E35 /* SwiftPractice */,
				50405DAA1AE79D8000509E35 /* SwiftPracticeTests */,
				50405D931AE79D8000509E35 /* Products */,
			);
			sourceTree = "<group>";
		};
		50405D931AE79D8000509E35 /* Products */ = {
			isa = PBXGroup;
			children = (
				50405D921AE79D8000509E35 /* SwiftPractice.app */,
				50405DA71AE79D8000509E35 /* SwiftPracticeTests.xctest */,
			);
			name = Products;
			sourceTree = "<group>";
		};
		50405D941AE79D8000509E35 /* SwiftPractice */ = {
			isa = PBXGroup;
			children = (
				50405DB71AE79D8D00509E35 /* model */,
				50405D971AE79D8000509E35 /* AppDelegate.swift */,
				50405D991AE79D8000509E35 /* ViewController.swift */,
				50405D9B1AE79D8000509E35 /* Main.storyboard */,
				50405D9E1AE79D8000509E35 /* Images.xcassets */,
				50405DA01AE79D8000509E35 /* LaunchScreen.xib */,
				50405D951AE79D8000509E35 /* Supporting Files */,
			);
			path = SwiftPractice;
			sourceTree = "<group>";
		};
		50405D951AE79D8000509E35 /* Supporting Files */ = {
			isa = PBXGroup;
			children = (
				50405D961AE79D8000509E35 /* Info.plist */,
			);
			name = "Supporting Files";
			sourceTree = "<group>";
		};
		50405DAA1AE79D8000509E35 /* SwiftPracticeTests */ = {
			isa = PBXGroup;
			children = (
				50405DAD1AE79D8000509E35 /* SwiftPracticeTests.swift */,
				50405DAB1AE79D8000509E35 /* Supporting Files */,
			);
			path = SwiftPracticeTests;
			sourceTree = "<group>";
		};
		50405DAB1AE79D8000509E35 /* Supporting Files */ = {
			isa = PBXGroup;
			children = (
				50405DAC1AE79D8000509E35 /* Info.plist */,
			);
			name = "Supporting Files";
			sourceTree = "<group>";
		};
		50405DB71AE79D8D00509E35 /* model */ = {
			isa = PBXGroup;
			children = (
				50405DB81AE79DBE00509E35 /* data.swift */,
			);
			name = model;
			sourceTree = "<group>";
		};
/* End PBXGroup section */

/* Begin PBXNativeTarget section */
		50405D911AE79D7F00509E35 /* SwiftPractice */ = {
			isa = PBXNativeTarget;
			buildConfigurationList = 50405DB11AE79D8000509E35 /* Build configuration list for PBXNativeTarget "SwiftPractice" */;
			buildPhases = (
				50405D8E1AE79D7F00509E35 /* Sources */,
				50405D8F1AE79D7F00509E35 /* Frameworks */,
				50405D901AE79D7F00509E35 /* Resources */,
			);
			buildRules = (
			);
			dependencies = (
			);
			name = SwiftPractice;
			productName = SwiftPractice;
			productReference = 50405D921AE79D8000509E35 /* SwiftPractice.app */;
			productType = "com.apple.product-type.application";
		};
		50405DA61AE79D8000509E35 /* SwiftPracticeTests */ = {
			isa = PBXNativeTarget;
			buildConfigurationList = 50405DB41AE79D8000509E35 /* Build configuration list for PBXNativeTarget "SwiftPracticeTests" */;
			buildPhases = (
				50405DA31AE79D8000509E35 /* Sources */,
				50405DA41AE79D8000509E35 /* Frameworks */,
				50405DA51AE79D8000509E35 /* Resources */,
			);
			buildRules = (
			);
			dependencies = (
				50405DA91AE79D8000509E35 /* PBXTargetDependency */,
			);
			name = SwiftPracticeTests;
			productName = SwiftPracticeTests;
			productReference = 50405DA71AE79D8000509E35 /* SwiftPracticeTests.xctest */;
			productType = "com.apple.product-type.bundle.unit-test";
		};
/* End PBXNativeTarget section */

/* Begin PBXProject section */
		50405D8A1AE79D7F00509E35 /* Project object */ = {
			isa = PBXProject;
			attributes = {
				LastUpgradeCheck = 0630;
				ORGANIZATIONNAME = SAP;
				TargetAttributes = {
					50405D911AE79D7F00509E35 = {
						CreatedOnToolsVersion = 6.3;
					};
					50405DA61AE79D8000509E35 = {
						CreatedOnToolsVersion = 6.3;
						TestTargetID = 50405D911AE79D7F00509E35;
					};
				};
			};
			buildConfigurationList = 50405D8D1AE79D7F00509E35 /* Build configuration list for PBXProject "SwiftPractice" */;
			compatibilityVersion = "Xcode 3.2";
			developmentRegion = English;
			hasScannedForEncodings = 0;
			knownRegions = (
				en,
				Base,
			);
			mainGroup = 50405D891AE79D7F00509E35;
			productRefGroup = 50405D931AE79D8000509E35 /* Products */;
			projectDirPath = "";
			projectRoot = "";
			targets = (
				50405D911AE79D7F00509E35 /* SwiftPractice */,
				50405DA61AE79D8000509E35 /* SwiftPracticeTests */,
			);
		};
/* End PBXProject section */

/* Begin PBXResourcesBuildPhase section */
		50405D901AE79D7F00509E35 /* Resources */ = {
			isa = PBXResourcesBuildPhase;
			buildActionMask = 2147483647;
			files = (
				50405D9D1AE79D8000509E35 /* Main.storyboard in Resources */,
				50405DA21AE79D8000509E35 /* LaunchScreen.xib in Resources */,
				50405D9F1AE79D8000509E35 /* Images.xcassets in Resources */,
			);
			runOnlyForDeploymentPostprocessing = 0;
		};
		50405DA51AE79D8000509E35 /* Resources */ = {
			isa = PBXResourcesBuildPhase;
			buildActionMask = 2147483647;
			files = (
			);
			runOnlyForDeploymentPostprocessing = 0;
		};
/* End PBXResourcesBuildPhase section */

/* Begin PBXSourcesBuildPhase section */
		50405D8E1AE79D7F00509E35 /* Sources */ = {
			isa = PBXSourcesBuildPhase;
			buildActionMask = 2147483647;
			files = (
				50405D9A1AE79D8000509E35 /* ViewController.swift in Sources */,
				50405DB91AE79DBE00509E35 /* data.swift in Sources */,
				50405D981AE79D8000509E35 /* AppDelegate.swift in Sources */,
			);
			runOnlyForDeploymentPostprocessing = 0;
		};
		50405DA31AE79D8000509E35 /* Sources */ = {
			isa = PBXSourcesBuildPhase;
			buildActionMask = 2147483647;
			files = (
				50405DAE1AE79D8000509E35 /* SwiftPracticeTests.swift in Sources */,
			);
			runOnlyForDeploymentPostprocessing = 0;
		};
/* End PBXSourcesBuildPhase section */

/* Begin PBXTargetDependency section */
		50405DA91AE79D8000509E35 /* PBXTargetDependency */ = {
			isa = PBXTargetDependency;
			target = 50405D911AE79D7F00509E35 /* SwiftPractice */;
			targetProxy = 50405DA81AE79D8000509E35 /* PBXContainerItemProxy */;
		};
/* End PBXTargetDependency section */

/* Begin PBXVariantGroup section */
		50405D9B1AE79D8000509E35 /* Main.storyboard */ = {
			isa = PBXVariantGroup;
			children = (
				50405D9C1AE79D8000509E35 /* Base */,
			);
			name = Main.storyboard;
			sourceTree = "<group>";
		};
		50405DA01AE79D8000509E35 /* LaunchScreen.xib */ = {
			isa = PBXVariantGroup;
			children = (
				50405DA11AE79D8000509E35 /* Base */,
			);
			name = LaunchScreen.xib;
			sourceTree = "<group>";
		};
/* End PBXVariantGroup section */

/* Begin XCBuildConfiguration section */
		50405DAF1AE79D8000509E35 /* Debug */ = {
			isa = XCBuildConfiguration;
			buildSettings = {
				ALWAYS_SEARCH_USER_PATHS = NO;
				CLANG_CXX_LANGUAGE_STANDARD = "gnu++0x";
				CLANG_CXX_LIBRARY = "libc++";
				CLANG_ENABLE_MODULES = YES;
				CLANG_ENABLE_OBJC_ARC = YES;
				CLANG_WARN_BOOL_CONVERSION = YES;
				CLANG_WARN_CONSTANT_CONVERSION = YES;
				CLANG_WARN_DIRECT_OBJC_ISA_USAGE = YES_ERROR;
				CLANG_WARN_EMPTY_BODY = YES;
				CLANG_WARN_ENUM_CONVERSION = YES;
				CLANG_WARN_INT_CONVERSION = YES;
				CLANG_WARN_OBJC_ROOT_CLASS = YES_ERROR;
				CLANG_WARN_UNREACHABLE_CODE = YES;
				CLANG_WARN__DUPLICATE_METHOD_MATCH = YES;
				"CODE_SIGN_IDENTITY[sdk=iphoneos*]" = "iPhone Developer";
				COPY_PHASE_STRIP = NO;
				DEBUG_INFORMATION_FORMAT = "dwarf-with-dsym";
				ENABLE_STRICT_OBJC_MSGSEND = YES;
				GCC_C_LANGUAGE_STANDARD = gnu99;
				GCC_DYNAMIC_NO_PIC = NO;
				GCC_NO_COMMON_BLOCKS = YES;
				GCC_OPTIMIZATION_LEVEL = 0;
				GCC_PREPROCESSOR_DEFINITIONS = (
					"DEBUG=1",
					"$(inherited)",
				);
				GCC_SYMBOLS_PRIVATE_EXTERN = NO;
				GCC_WARN_64_TO_32_BIT_CONVERSION = YES;
				GCC_WARN_ABOUT_RETURN_TYPE = YES_ERROR;
				GCC_WARN_UNDECLARED_SELECTOR = YES;
				GCC_WARN_UNINITIALIZED_AUTOS = YES_AGGRESSIVE;
				GCC_WARN_UNUSED_FUNCTION = YES;
				GCC_WARN_UNUSED_VARIABLE = YES;
				IPHONEOS_DEPLOYMENT_TARGET = 8.3;
				MTL_ENABLE_DEBUG_INFO = YES;
				ONLY_ACTIVE_ARCH = YES;
				SDKROOT = iphoneos;
				SWIFT_OPTIMIZATION_LEVEL = "-Onone";
				TARGETED_DEVICE_FAMILY = "1,2";
			};
			name = Debug;
		};
		50405DB01AE79D8000509E35 /* Release */ = {
			isa = XCBuildConfiguration;
			buildSettings = {
				ALWAYS_SEARCH_USER_PATHS = NO;
				CLANG_CXX_LANGUAGE_STANDARD = "gnu++0x";
				CLANG_CXX_LIBRARY = "libc++";
				CLANG_ENABLE_MODULES = YES;
				CLANG_ENABLE_OBJC_ARC = YES;
				CLANG_WARN_BOOL_CONVERSION = YES;
				CLANG_WARN_CONSTANT_CONVERSION = YES;
				CLANG_WARN_DIRECT_OBJC_ISA_USAGE = YES_ERROR;
				CLANG_WARN_EMPTY_BODY = YES;
				CLANG_WARN_ENUM_CONVERSION = YES;
				CLANG_WARN_INT_CONVERSION = YES;
				CLANG_WARN_OBJC_ROOT_CLASS = YES_ERROR;
				CLANG_WARN_UNREACHABLE_CODE = YES;
				CLANG_WARN__DUPLICATE_METHOD_MATCH = YES;
				"CODE_SIGN_IDENTITY[sdk=iphoneos*]" = "iPhone Developer";
				COPY_PHASE_STRIP = NO;
				DEBUG_INFORMATION_FORMAT = "dwarf-with-dsym";
				ENABLE_NS_ASSERTIONS = NO;
				ENABLE_STRICT_OBJC_MSGSEND = YES;
				GCC_C_LANGUAGE_STANDARD = gnu99;
				GCC_NO_COMMON_BLOCKS = YES;
				GCC_WARN_64_TO_32_BIT_CONVERSION = YES;
				GCC_WARN_ABOUT_RETURN_TYPE = YES_ERROR;
				GCC_WARN_UNDECLARED_SELECTOR = YES;
				GCC_WARN_UNINITIALIZED_AUTOS = YES_AGGRESSIVE;
				GCC_WARN_UNUSED_FUNCTION = YES;
				GCC_WARN_UNUSED_VARIABLE = YES;
				IPHONEOS_DEPLOYMENT_TARGET = 8.3;
				MTL_ENABLE_DEBUG_INFO = NO;
				SDKROOT = iphoneos;
				TARGETED_DEVICE_FAMILY = "1,2";
				VALIDATE_PRODUCT = YES;
			};
			name = Release;
		};
		50405DB21AE79D8000509E35 /* Debug */ = {
			isa = XCBuildConfiguration;
			buildSettings = {
				ASSETCATALOG_COMPILER_APPICON_NAME = AppIcon;
				INFOPLIST_FILE = SwiftPractice/Info.plist;
				LD_RUNPATH_SEARCH_PATHS = "$(inherited) @executable_path/Frameworks";
				PRODUCT_NAME = "$(TARGET_NAME)";
			};
			name = Debug;
		};
		50405DB31AE79D8000509E35 /* Release */ = {
			isa = XCBuildConfiguration;
			buildSettings = {
				ASSETCATALOG_COMPILER_APPICON_NAME = AppIcon;
				INFOPLIST_FILE = SwiftPractice/Info.plist;
				LD_RUNPATH_SEARCH_PATHS = "$(inherited) @executable_path/Frameworks";
				PRODUCT_NAME = "$(TARGET_NAME)";
			};
			name = Release;
		};
		50405DB51AE79D8000509E35 /* Debug */ = {
			isa = XCBuildConfiguration;
			buildSettings = {
				BUNDLE_LOADER = "$(TEST_HOST)";
				FRAMEWORK_SEARCH_PATHS = (
					"$(SDKROOT)/Developer/Library/Frameworks",
					"$(inherited)",
				);
				GCC_PREPROCESSOR_DEFINITIONS = (
					"DEBUG=1",
					"$(inherited)",
				);
				INFOPLIST_FILE = SwiftPracticeTests/Info.plist;
				LD_RUNPATH_SEARCH_PATHS = "$(inherited) @executable_path/Frameworks @loader_path/Frameworks";
				PRODUCT_NAME = "$(TARGET_NAME)";
				TEST_HOST = "$(BUILT_PRODUCTS_DIR)/SwiftPractice.app/SwiftPractice";
			};
			name = Debug;
		};
		50405DB61AE79D8000509E35 /* Release */ = {
			isa = XCBuildConfiguration;
			buildSettings = {
				BUNDLE_LOADER = "$(TEST_HOST)";
				FRAMEWORK_SEARCH_PATHS = (
					"$(SDKROOT)/Developer/Library/Frameworks",
					"$(inherited)",
				);
				INFOPLIST_FILE = SwiftPracticeTests/Info.plist;
				LD_RUNPATH_SEARCH_PATHS = "$(inherited) @executable_path/Frameworks @loader_path/Frameworks";
				PRODUCT_NAME = "$(TARGET_NAME)";
				TEST_HOST = "$(BUILT_PRODUCTS_DIR)/SwiftPractice.app/SwiftPractice";
			};
			name = Release;
		};
/* End XCBuildConfiguration section */

/* Begin XCConfigurationList section */
		50405D8D1AE79D7F00509E35 /* Build configuration list for PBXProject "SwiftPractice" */ = {
			isa = XCConfigurationList;
			buildConfigurations = (
				50405DAF1AE79D8000509E35 /* Debug */,
				50405DB01AE79D8000509E35 /* Release */,
			);
			defaultConfigurationIsVisible = 0;
			defaultConfigurationName = Release;
		};
		50405DB11AE79D8000509E35 /* Build configuration list for PBXNativeTarget "SwiftPractice" */ = {
			isa = XCConfigurationList;
			buildConfigurations = (
				50405DB21AE79D8000509E35 /* Debug */,
				50405DB31AE79D8000509E35 /* Release */,
			);
			defaultConfigurationIsVisible = 0;
		};
		50405DB41AE79D8000509E35 /* Build configuration list for PBXNativeTarget "SwiftPracticeTests" */ = {
			isa = XCConfigurationList;
			buildConfigurations = (
				50405DB51AE79D8000509E35 /* Debug */,
				50405DB61AE79D8000509E35 /* Release */,
			);
			defaultConfigurationIsVisible = 0;
		};
/* End XCConfigurationList section */
	};
	rootObject = 50405D8A1AE79D7F00509E35 /* Project object */;
}
